<?xml version="1.0" encoding="utf-8"?>
<Project ToolsVersion="4.0" xmlns="http://schemas.microsoft.com/developer/msbuild/2003">
  <ItemGroup>
    <Filter Include="源文件">
      <UniqueIdentifier>{4FC737F1-C7A5-4376-A066-2A32D752A2FF}</UniqueIdentifier>
      <Extensions>cpp;c;cc;cxx;c++;cppm;ixx;def;odl;idl;hpj;bat;asm;asmx</Extensions>
    </Filter>
    <Filter Include="头文件">
      <UniqueIdentifier>{93995380-89BD-4b04-88EB-625FBE52EBFB}</UniqueIdentifier>
      <Extensions>h;hh;hpp;hxx;h++;hm;inl;inc;ipp;xsd</Extensions>
    </Filter>
    <Filter Include="资源文件">
      <UniqueIdentifier>{67DA6AB6-F800-4c08-8B7A-83BB121AAD01}</UniqueIdentifier>
      <Extensions>rc;ico;cur;bmp;dlg;rc2;rct;bin;rgs;gif;jpg;jpeg;jpe;resx;tiff;tif;png;wav;mfcribbon-ms</Extensions>
    </Filter>
    <Filter Include="render">
      <UniqueIdentifier>{6d092bcc-ad93-4a09-81e9-6dbe1ef0ed82}</UniqueIdentifier>
    </Filter>
    <Filter Include="widget">
      <UniqueIdentifier>{665cb638-7e70-4f8c-915a-9373e38fb11d}</UniqueIdentifier>
    </Filter>
    <Filter Include="imgui">
      <UniqueIdentifier>{44869b29-df35-4bcc-b91b-6a66da7759f5}</UniqueIdentifier>
    </Filter>
    <Filter Include="rcon">
      <UniqueIdentifier>{242a811e-51bf-4a1f-9448-95c20fe031fa}</UniqueIdentifier>
    </Filter>
    <Filter Include="utils">
      <UniqueIdentifier>{81d6fefa-b1bc-4085-9f78-bd0c26dfa846}</UniqueIdentifier>
    </Filter>
    <Filter Include="log">
      <UniqueIdentifier>{81ac80c4-cd7c-4c12-b7ac-47b8eb52fcbe}</UniqueIdentifier>
    </Filter>
  </ItemGroup>
  <ItemGroup>
    <ClCompile Include="ImPalGmt.cpp">
      <Filter>源文件</Filter>
    </ClCompile>
    <ClCompile Include="render\render.cpp">
      <Filter>render</Filter>
    </ClCompile>
    <ClCompile Include="widget\MainWidget.cpp">
      <Filter>widget</Filter>
    </ClCompile>
    <ClCompile Include="render\draw.cpp">
      <Filter>render</Filter>
    </ClCompile>
    <ClCompile Include="..\3part\imgui\imgui.cpp">
      <Filter>imgui</Filter>
    </ClCompile>
    <ClCompile Include="..\3part\imgui\imgui_demo.cpp">
      <Filter>imgui</Filter>
    </ClCompile>
    <ClCompile Include="..\3part\imgui\imgui_draw.cpp">
      <Filter>imgui</Filter>
    </ClCompile>
    <ClCompile Include="..\3part\imgui\imgui_impl_dx11.cpp">
      <Filter>imgui</Filter>
    </ClCompile>
    <ClCompile Include="..\3part\imgui\imgui_impl_win32.cpp">
      <Filter>imgui</Filter>
    </ClCompile>
    <ClCompile Include="..\3part\imgui\imgui_tables.cpp">
      <Filter>imgui</Filter>
    </ClCompile>
    <ClCompile Include="..\3part\imgui\Imgui_text_editor.cpp">
      <Filter>imgui</Filter>
    </ClCompile>
    <ClCompile Include="..\3part\imgui\imgui_theme.cpp">
      <Filter>imgui</Filter>
    </ClCompile>
    <ClCompile Include="..\3part\imgui\imgui_widgets.cpp">
      <Filter>imgui</Filter>
    </ClCompile>
    <ClCompile Include="rcon\rcon.cpp">
      <Filter>rcon</Filter>
    </ClCompile>
    <ClCompile Include="utils\utils.cpp">
      <Filter>utils</Filter>
    </ClCompile>
    <ClCompile Include="log\log.cpp">
      <Filter>log</Filter>
    </ClCompile>
  </ItemGroup>
  <ItemGroup>
    <ClInclude Include="render\render.h">
      <Filter>render</Filter>
    </ClInclude>
    <ClInclude Include="render\stb_image.h">
      <Filter>render</Filter>
    </ClInclude>
    <ClInclude Include="widget\MainWidget.h">
      <Filter>widget</Filter>
    </ClInclude>
    <ClInclude Include="resource.h">
      <Filter>头文件</Filter>
    </ClInclude>
    <ClInclude Include="render\draw.h">
      <Filter>render</Filter>
    </ClInclude>
    <ClInclude Include="..\3part\imgui\imconfig.h">
      <Filter>imgui</Filter>
    </ClInclude>
    <ClInclude Include="..\3part\imgui\imgui.h">
      <Filter>imgui</Filter>
    </ClInclude>
    <ClInclude Include="..\3part\imgui\imgui_impl_dx11.h">
      <Filter>imgui</Filter>
    </ClInclude>
    <ClInclude Include="..\3part\imgui\imgui_impl_win32.h">
      <Filter>imgui</Filter>
    </ClInclude>
    <ClInclude Include="..\3part\imgui\imgui_internal.h">
      <Filter>imgui</Filter>
    </ClInclude>
    <ClInclude Include="..\3part\imgui\imgui_memory_editor.h">
      <Filter>imgui</Filter>
    </ClInclude>
    <ClInclude Include="..\3part\imgui\Imgui_text_editor.h">
      <Filter>imgui</Filter>
    </ClInclude>
    <ClInclude Include="..\3part\imgui\imgui_theme.h">
      <Filter>imgui</Filter>
    </ClInclude>
    <ClInclude Include="..\3part\imgui\imstb_rectpack.h">
      <Filter>imgui</Filter>
    </ClInclude>
    <ClInclude Include="..\3part\imgui\imstb_textedit.h">
      <Filter>imgui</Filter>
    </ClInclude>
    <ClInclude Include="..\3part\imgui\imstb_truetype.h">
      <Filter>imgui</Filter>
    </ClInclude>
    <ClInclude Include="rcon\rcon.h">
      <Filter>rcon</Filter>
    </ClInclude>
    <ClInclude Include="utils\utils.h">
      <Filter>utils</Filter>
    </ClInclude>
    <ClInclude Include="globals.hpp">
      <Filter>头文件</Filter>
    </ClInclude>
    <ClInclude Include="log\log.h">
      <Filter>log</Filter>
    </ClInclude>
  </ItemGroup>
  <ItemGroup>
    <ResourceCompile Include="ImPalGmt.rc">
      <Filter>资源文件</Filter>
    </ResourceCompile>
  </ItemGroup>
  <ItemGroup>
    <Image Include="icon.ico">
      <Filter>资源文件</Filter>
    </Image>
  </ItemGroup>
  <ItemGroup>
    <None Include="packages.config" />
  </ItemGroup>
</Project>